
Microsoft Visual Studio Solution File, Format Version 12.00
# Visual Studio 15
VisualStudioVersion = 15.0.28307.421
MinimumVisualStudioVersion = 10.0.40219.1
Project("{FAE04EC0-301F-11D3-BF4B-00C04F79EFBC}") = "AnimationSample.Android", "AnimationSample\AnimationSample.Android\AnimationSample.Android.csproj", "{A7AAD2B2-35F9-43BF-A86A-847F1B856E51}"
EndProject
Project("{FAE04EC0-301F-11D3-BF4B-00C04F79EFBC}") = "AnimationSample", "AnimationSample\AnimationSample\AnimationSample.csproj", "{B0BF88A6-64C8-445B-8F6C-899A0FB2D670}"
EndProject
Global
	GlobalSection(SolutionConfigurationPlatforms) = preSolution
		Debug|Any CPU = Debug|Any CPU
		Release|Any CPU = Release|Any CPU
	EndGlobalSection
	GlobalSection(ProjectConfigurationPlatforms) = postSolution
		{A7AAD2B2-35F9-43BF-A86A-847F1B856E51}.Debug|Any CPU.ActiveCfg = Debug|Any CPU
		{A7AAD2B2-35F9-43BF-A86A-847F1B856E51}.Debug|Any CPU.Build.0 = Debug|Any CPU
		{A7AAD2B2-35F9-43BF-A86A-847F1B856E51}.Debug|Any CPU.Deploy.0 = Debug|Any CPU
		{A7AAD2B2-35F9-43BF-A86A-847F1B856E51}.Release|Any CPU.ActiveCfg = Release|Any CPU
		{A7AAD2B2-35F9-43BF-A86A-847F1B856E51}.Release|Any CPU.Build.0 = Release|Any CPU
		{A7AAD2B2-35F9-43BF-A86A-847F1B856E51}.Release|Any CPU.Deploy.0 = Release|Any CPU
		{B0BF88A6-64C8-445B-8F6C-899A0FB2D670}.Debug|Any CPU.ActiveCfg = Debug|Any CPU
		{B0BF88A6-64C8-445B-8F6C-899A0FB2D670}.Debug|Any CPU.Build.0 = Debug|Any CPU
		{B0BF88A6-64C8-445B-8F6C-899A0FB2D670}.Debug|Any CPU.Deploy.0 = Debug|Any CPU
		{B0BF88A6-64C8-445B-8F6C-899A0FB2D670}.Release|Any CPU.ActiveCfg = Release|Any CPU
		{B0BF88A6-64C8-445B-8F6C-899A0FB2D670}.Release|Any CPU.Build.0 = Release|Any CPU
		{B0BF88A6-64C8-445B-8F6C-899A0FB2D670}.Release|Any CPU.Deploy.0 = Release|Any CPU
	EndGlobalSection
	GlobalSection(SolutionProperties) = preSolution
		HideSolutionNode = FALSE
	EndGlobalSection
	GlobalSection(ExtensibilityGlobals) = postSolution
		SolutionGuid = {19C24FB2-1B18-4EC0-80CA-7670F7E7CDC9}
	EndGlobalSection
EndGlobal
